
Microsoft Visual Studio Solution File, Format Version 12.00
# Visual Studio Version 16
VisualStudioVersion = 16.0.31729.503
MinimumVisualStudioVersion = 10.0.40219.1
Project("{FAE04EC0-301F-11D3-BF4B-00C04F79EFBC}") = "OOP", "OOP\OOP.csproj", "{2113C2D8-D033-4D75-9C46-59AB47A04C25}"
EndProject
Global
	GlobalSection(SolutionConfigurationPlatforms) = preSolution
		Debug|Any CPU = Debug|Any CPU
		Release|Any CPU = Release|Any CPU
	EndGlobalSection
	GlobalSection(ProjectConfigurationPlatforms) = postSolution
		{2113C2D8-D033-4D75-9C46-59AB47A04C25}.Debug|Any CPU.ActiveCfg = Debug|Any CPU
		{2113C2D8-D033-4D75-9C46-59AB47A04C25}.Debug|Any CPU.Build.0 = Debug|Any CPU
		{2113C2D8-D033-4D75-9C46-59AB47A04C25}.Release|Any CPU.ActiveCfg = Release|Any CPU
		{2113C2D8-D033-4D75-9C46-59AB47A04C25}.Release|Any CPU.Build.0 = Release|Any CPU
	EndGlobalSection
	GlobalSection(SolutionProperties) = preSolution
		HideSolutionNode = FALSE
	EndGlobalSection
	GlobalSection(ExtensibilityGlobals) = postSolution
		SolutionGuid = {3B22AF43-184C-4345-AB5C-84381EB33751}
	EndGlobalSection
EndGlobal
